
Microsoft Visual Studio Solution File, Format Version 12.00
# Visual Studio 14
VisualStudioVersion = 14.0.24720.0
MinimumVisualStudioVersion = 10.0.40219.1
Project("{FAE04EC0-301F-11D3-BF4B-00C04F79EFBC}") = "FinanseFirma", "FinanseFirma\FinanseFirma.csproj", "{0BFB7CF2-E552-43C4-8F8F-EDECA9A2EC64}"
EndProject
Project("{FAE04EC0-301F-11D3-BF4B-00C04F79EFBC}") = "ZarzadzaniePracownikami", "ZarzadzaniePracownikami\ZarzadzaniePracownikami.csproj", "{36EB5F28-EFAC-4199-9A01-574F96FAE305}"
EndProject
Global
	GlobalSection(SolutionConfigurationPlatforms) = preSolution
		Debug|Any CPU = Debug|Any CPU
		Release|Any CPU = Release|Any CPU
	EndGlobalSection
	GlobalSection(ProjectConfigurationPlatforms) = postSolution
		{0BFB7CF2-E552-43C4-8F8F-EDECA9A2EC64}.Debug|Any CPU.ActiveCfg = Debug|Any CPU
		{0BFB7CF2-E552-43C4-8F8F-EDECA9A2EC64}.Debug|Any CPU.Build.0 = Debug|Any CPU
		{0BFB7CF2-E552-43C4-8F8F-EDECA9A2EC64}.Release|Any CPU.ActiveCfg = Release|Any CPU
		{0BFB7CF2-E552-43C4-8F8F-EDECA9A2EC64}.Release|Any CPU.Build.0 = Release|Any CPU
		{36EB5F28-EFAC-4199-9A01-574F96FAE305}.Debug|Any CPU.ActiveCfg = Debug|Any CPU
		{36EB5F28-EFAC-4199-9A01-574F96FAE305}.Debug|Any CPU.Build.0 = Debug|Any CPU
		{36EB5F28-EFAC-4199-9A01-574F96FAE305}.Release|Any CPU.ActiveCfg = Release|Any CPU
		{36EB5F28-EFAC-4199-9A01-574F96FAE305}.Release|Any CPU.Build.0 = Release|Any CPU
	EndGlobalSection
	GlobalSection(SolutionProperties) = preSolution
		HideSolutionNode = FALSE
	EndGlobalSection
EndGlobal
